// !$*UTF8*$!
{
	archiveVersion = 1;
	classes = {
	};
	objectVersion = 50;
	objects = {

/* Begin PBXBuildFile section */
		FBD123A826BCCE050085DABD /* AppDelegate.swift in Sources */ = {isa = PBXBuildFile; fileRef = FBD123A726BCCE050085DABD /* AppDelegate.swift */; };
		FBD123AA26BCCE050085DABD /* SceneDelegate.swift in Sources */ = {isa = PBXBuildFile; fileRef = FBD123A926BCCE050085DABD /* SceneDelegate.swift */; };
		FBD123AF26BCCE050085DABD /* Main.storyboard in Resources */ = {isa = PBXBuildFile; fileRef = FBD123AD26BCCE050085DABD /* Main.storyboard */; };
		FBD123B126BCCE060085DABD /* Assets.xcassets in Resources */ = {isa = PBXBuildFile; fileRef = FBD123B026BCCE060085DABD /* Assets.xcassets */; };
		FBD123B426BCCE060085DABD /* LaunchScreen.storyboard in Resources */ = {isa = PBXBuildFile; fileRef = FBD123B226BCCE060085DABD /* LaunchScreen.storyboard */; };
		FBD123BE26BCD65D0085DABD /* TableViewController.swift in Sources */ = {isa = PBXBuildFile; fileRef = FBD123BD26BCD65D0085DABD /* TableViewController.swift */; };
		FBD123C126BCD68A0085DABD /* DetailViewController.swift in Sources */ = {isa = PBXBuildFile; fileRef = FBD123C026BCD68A0085DABD /* DetailViewController.swift */; };
		FBD123C426BCD6970085DABD /* AddViewController.swift in Sources */ = {isa = PBXBuildFile; fileRef = FBD123C326BCD6970085DABD /* AddViewController.swift */; };
		FBD123C926BCD7EA0085DABD /* pencil.png in Resources */ = {isa = PBXBuildFile; fileRef = FBD123C626BCD7EA0085DABD /* pencil.png */; };
		FBD123CA26BCD7EA0085DABD /* cart.png in Resources */ = {isa = PBXBuildFile; fileRef = FBD123C726BCD7EA0085DABD /* cart.png */; };
		FBD123CB26BCD7EA0085DABD /* clock.png in Resources */ = {isa = PBXBuildFile; fileRef = FBD123C826BCD7EA0085DABD /* clock.png */; };
/* End PBXBuildFile section */

/* Begin PBXFileReference section */
		FBD123A426BCCE050085DABD /* Table.app */ = {isa = PBXFileReference; explicitFileType = wrapper.application; includeInIndex = 0; path = Table.app; sourceTree = BUILT_PRODUCTS_DIR; };
		FBD123A726BCCE050085DABD /* AppDelegate.swift */ = {isa = PBXFileReference; lastKnownFileType = sourcecode.swift; path = AppDelegate.swift; sourceTree = "<group>"; };
		FBD123A926BCCE050085DABD /* SceneDelegate.swift */ = {isa = PBXFileReference; lastKnownFileType = sourcecode.swift; path = SceneDelegate.swift; sourceTree = "<group>"; };
		FBD123AE26BCCE050085DABD /* Base */ = {isa = PBXFileReference; lastKnownFileType = file.storyboard; name = Base; path = Base.lproj/Main.storyboard; sourceTree = "<group>"; };
		FBD123B026BCCE060085DABD /* Assets.xcassets */ = {isa = PBXFileReference; lastKnownFileType = folder.assetcatalog; path = Assets.xcassets; sourceTree = "<group>"; };
		FBD123B326BCCE060085DABD /* Base */ = {isa = PBXFileReference; lastKnownFileType = file.storyboard; name = Base; path = Base.lproj/LaunchScreen.storyboard; sourceTree = "<group>"; };
		FBD123B526BCCE060085DABD /* Info.plist */ = {isa = PBXFileReference; lastKnownFileType = text.plist.xml; path = Info.plist; sourceTree = "<group>"; };
		FBD123BD26BCD65D0085DABD /* TableViewController.swift */ = {isa = PBXFileReference; lastKnownFileType = sourcecode.swift; path = TableViewController.swift; sourceTree = "<group>"; };
		FBD123C026BCD68A0085DABD /* DetailViewController.swift */ = {isa = PBXFileReference; lastKnownFileType = sourcecode.swift; path = DetailViewController.swift; sourceTree = "<group>"; };
		FBD123C326BCD6970085DABD /* AddViewController.swift */ = {isa = PBXFileReference; lastKnownFileType = sourcecode.swift; path = AddViewController.swift; sourceTree = "<group>"; };
		FBD123C626BCD7EA0085DABD /* pencil.png */ = {isa = PBXFileReference; lastKnownFileType = image.png; path = pencil.png; sourceTree = "<group>"; };
		FBD123C726BCD7EA0085DABD /* cart.png */ = {isa = PBXFileReference; lastKnownFileType = image.png; path = cart.png; sourceTree = "<group>"; };
		FBD123C826BCD7EA0085DABD /* clock.png */ = {isa = PBXFileReference; lastKnownFileType = image.png; path = clock.png; sourceTree = "<group>"; };
/* End PBXFileReference section */

/* Begin PBXFrameworksBuildPhase section */
		FBD123A126BCCE050085DABD /* Frameworks */ = {
			isa = PBXFrameworksBuildPhase;
			buildActionMask = 2147483647;
			files = (
			);
			runOnlyForDeploymentPostprocessing = 0;
		};
/* End PBXFrameworksBuildPhase section */

/* Begin PBXGroup section */
		FBD1239B26BCCE050085DABD = {
			isa = PBXGroup;
			children = (
				FBD123A626BCCE050085DABD /* Table */,
				FBD123A526BCCE050085DABD /* Products */,
			);
			sourceTree = "<group>";
		};
		FBD123A526BCCE050085DABD /* Products */ = {
			isa = PBXGroup;
			children = (
				FBD123A426BCCE050085DABD /* Table.app */,
			);
			name = Products;
			sourceTree = "<group>";
		};
		FBD123A626BCCE050085DABD /* Table */ = {
			isa = PBXGroup;
			children = (
				FBD123C726BCD7EA0085DABD /* cart.png */,
				FBD123C826BCD7EA0085DABD /* clock.png */,
				FBD123C626BCD7EA0085DABD /* pencil.png */,
				FBD123A726BCCE050085DABD /* AppDelegate.swift */,
				FBD123A926BCCE050085DABD /* SceneDelegate.swift */,
				FBD123AD26BCCE050085DABD /* Main.storyboard */,
				FBD123B026BCCE060085DABD /* Assets.xcassets */,
				FBD123B226BCCE060085DABD /* LaunchScreen.storyboard */,
				FBD123B526BCCE060085DABD /* Info.plist */,
				FBD123BD26BCD65D0085DABD /* TableViewController.swift */,
				FBD123C026BCD68A0085DABD /* DetailViewController.swift */,
				FBD123C326BCD6970085DABD /* AddViewController.swift */,
			);
			path = Table;
			sourceTree = "<group>";
		};
/* End PBXGroup section */

/* Begin PBXNativeTarget section */
		FBD123A326BCCE050085DABD /* Table */ = {
			isa = PBXNativeTarget;
			buildConfigurationList = FBD123B826BCCE060085DABD /* Build configuration list for PBXNativeTarget "Table" */;
			buildPhases = (
				FBD123A026BCCE050085DABD /* Sources */,
				FBD123A126BCCE050085DABD /* Frameworks */,
				FBD123A226BCCE050085DABD /* Resources */,
			);
			buildRules = (
			);
			dependencies = (
			);
			name = Table;
			productName = Table;
			productReference = FBD123A426BCCE050085DABD /* Table.app */;
			productType = "com.apple.product-type.application";
		};
/* End PBXNativeTarget section */

/* Begin PBXProject section */
		FBD1239C26BCCE050085DABD /* Project object */ = {
			isa = PBXProject;
			attributes = {
				LastSwiftUpdateCheck = 1210;
				LastUpgradeCheck = 1210;
				TargetAttributes = {
					FBD123A326BCCE050085DABD = {
						CreatedOnToolsVersion = 12.1;
					};
				};
			};
			buildConfigurationList = FBD1239F26BCCE050085DABD /* Build configuration list for PBXProject "Table" */;
			compatibilityVersion = "Xcode 9.3";
			developmentRegion = en;
			hasScannedForEncodings = 0;
			knownRegions = (
				en,
				Base,
			);
			mainGroup = FBD1239B26BCCE050085DABD;
			productRefGroup = FBD123A526BCCE050085DABD /* Products */;
			projectDirPath = "";
			projectRoot = "";
			targets = (
				FBD123A326BCCE050085DABD /* Table */,
			);
		};
/* End PBXProject section */

/* Begin PBXResourcesBuildPhase section */
		FBD123A226BCCE050085DABD /* Resources */ = {
			isa = PBXResourcesBuildPhase;
			buildActionMask = 2147483647;
			files = (
				FBD123CB26BCD7EA0085DABD /* clock.png in Resources */,
				FBD123C926BCD7EA0085DABD /* pencil.png in Resources */,
				FBD123CA26BCD7EA0085DABD /* cart.png in Resources */,
				FBD123B426BCCE060085DABD /* LaunchScreen.storyboard in Resources */,
				FBD123B126BCCE060085DABD /* Assets.xcassets in Resources */,
				FBD123AF26BCCE050085DABD /* Main.storyboard in Resources */,
			);
			runOnlyForDeploymentPostprocessing = 0;
		};
/* End PBXResourcesBuildPhase section */

/* Begin PBXSourcesBuildPhase section */
		FBD123A026BCCE050085DABD /* Sources */ = {
			isa = PBXSourcesBuildPhase;
			buildActionMask = 2147483647;
			files = (
				FBD123C426BCD6970085DABD /* AddViewController.swift in Sources */,
				FBD123A826BCCE050085DABD /* AppDelegate.swift in Sources */,
				FBD123BE26BCD65D0085DABD /* TableViewController.swift in Sources */,
				FBD123AA26BCCE050085DABD /* SceneDelegate.swift in Sources */,
				FBD123C126BCD68A0085DABD /* DetailViewController.swift in Sources */,
			);
			runOnlyForDeploymentPostprocessing = 0;
		};
/* End PBXSourcesBuildPhase section */

/* Begin PBXVariantGroup section */
		FBD123AD26BCCE050085DABD /* Main.storyboard */ = {
			isa = PBXVariantGroup;
			children = (
				FBD123AE26BCCE050085DABD /* Base */,
			);
			name = Main.storyboard;
			sourceTree = "<group>";
		};
		FBD123B226BCCE060085DABD /* LaunchScreen.storyboard */ = {
			isa = PBXVariantGroup;
			children = (
				FBD123B326BCCE060085DABD /* Base */,
			);
			name = LaunchScreen.storyboard;
			sourceTree = "<group>";
		};
/* End PBXVariantGroup section */

/* Begin XCBuildConfiguration section */
		FBD123B626BCCE060085DABD /* Debug */ = {
			isa = XCBuildConfiguration;
			buildSettings = {
				ALWAYS_SEARCH_USER_PATHS = NO;
				CLANG_ANALYZER_NONNULL = YES;
				CLANG_ANALYZER_NUMBER_OBJECT_CONVERSION = YES_AGGRESSIVE;
				CLANG_CXX_LANGUAGE_STANDARD = "gnu++14";
				CLANG_CXX_LIBRARY = "libc++";
				CLANG_ENABLE_MODULES = YES;
				CLANG_ENABLE_OBJC_ARC = YES;
				CLANG_ENABLE_OBJC_WEAK = YES;
				CLANG_WARN_BLOCK_CAPTURE_AUTORELEASING = YES;
				CLANG_WARN_BOOL_CONVERSION = YES;
				CLANG_WARN_COMMA = YES;
				CLANG_WARN_CONSTANT_CONVERSION = YES;
				CLANG_WARN_DEPRECATED_OBJC_IMPLEMENTATIONS = YES;
				CLANG_WARN_DIRECT_OBJC_ISA_USAGE = YES_ERROR;
				CLANG_WARN_DOCUMENTATION_COMMENTS = YES;
				CLANG_WARN_EMPTY_BODY = YES;
				CLANG_WARN_ENUM_CONVERSION = YES;
				CLANG_WARN_INFINITE_RECURSION = YES;
				CLANG_WARN_INT_CONVERSION = YES;
				CLANG_WARN_NON_LITERAL_NULL_CONVERSION = YES;
				CLANG_WARN_OBJC_IMPLICIT_RETAIN_SELF = YES;
				CLANG_WARN_OBJC_LITERAL_CONVERSION = YES;
				CLANG_WARN_OBJC_ROOT_CLASS = YES_ERROR;
				CLANG_WARN_QUOTED_INCLUDE_IN_FRAMEWORK_HEADER = YES;
				CLANG_WARN_RANGE_LOOP_ANALYSIS = YES;
				CLANG_WARN_STRICT_PROTOTYPES = YES;
				CLANG_WARN_SUSPICIOUS_MOVE = YES;
				CLANG_WARN_UNGUARDED_AVAILABILITY = YES_AGGRESSIVE;
				CLANG_WARN_UNREACHABLE_CODE = YES;
				CLANG_WARN__DUPLICATE_METHOD_MATCH = YES;
				COPY_PHASE_STRIP = NO;
				DEBUG_INFORMATION_FORMAT = dwarf;
				ENABLE_STRICT_OBJC_MSGSEND = YES;
				ENABLE_TESTABILITY = YES;
				GCC_C_LANGUAGE_STANDARD = gnu11;
				GCC_DYNAMIC_NO_PIC = NO;
				GCC_NO_COMMON_BLOCKS = YES;
				GCC_OPTIMIZATION_LEVEL = 0;
				GCC_PREPROCESSOR_DEFINITIONS = (
					"DEBUG=1",
					"$(inherited)",
				);
				GCC_WARN_64_TO_32_BIT_CONVERSION = YES;
				GCC_WARN_ABOUT_RETURN_TYPE = YES_ERROR;
				GCC_WARN_UNDECLARED_SELECTOR = YES;
				GCC_WARN_UNINITIALIZED_AUTOS = YES_AGGRESSIVE;
				GCC_WARN_UNUSED_FUNCTION = YES;
				GCC_WARN_UNUSED_VARIABLE = YES;
				IPHONEOS_DEPLOYMENT_TARGET = 14.1;
				MTL_ENABLE_DEBUG_INFO = INCLUDE_SOURCE;
				MTL_FAST_MATH = YES;
				ONLY_ACTIVE_ARCH = YES;
				SDKROOT = iphoneos;
				SWIFT_ACTIVE_COMPILATION_CONDITIONS = DEBUG;
				SWIFT_OPTIMIZATION_LEVEL = "-Onone";
			};
			name = Debug;
		};
		FBD123B726BCCE060085DABD /* Release */ = {
			isa = XCBuildConfiguration;
			buildSettings = {
				ALWAYS_SEARCH_USER_PATHS = NO;
				CLANG_ANALYZER_NONNULL = YES;
				CLANG_ANALYZER_NUMBER_OBJECT_CONVERSION = YES_AGGRESSIVE;
				CLANG_CXX_LANGUAGE_STANDARD = "gnu++14";
				CLANG_CXX_LIBRARY = "libc++";
				CLANG_ENABLE_MODULES = YES;
				CLANG_ENABLE_OBJC_ARC = YES;
				CLANG_ENABLE_OBJC_WEAK = YES;
				CLANG_WARN_BLOCK_CAPTURE_AUTORELEASING = YES;
				CLANG_WARN_BOOL_CONVERSION = YES;
				CLANG_WARN_COMMA = YES;
				CLANG_WARN_CONSTANT_CONVERSION = YES;
				CLANG_WARN_DEPRECATED_OBJC_IMPLEMENTATIONS = YES;
				CLANG_WARN_DIRECT_OBJC_ISA_USAGE = YES_ERROR;
				CLANG_WARN_DOCUMENTATION_COMMENTS = YES;
				CLANG_WARN_EMPTY_BODY = YES;
				CLANG_WARN_ENUM_CONVERSION = YES;
				CLANG_WARN_INFINITE_RECURSION = YES;
				CLANG_WARN_INT_CONVERSION = YES;
				CLANG_WARN_NON_LITERAL_NULL_CONVERSION = YES;
				CLANG_WARN_OBJC_IMPLICIT_RETAIN_SELF = YES;
				CLANG_WARN_OBJC_LITERAL_CONVERSION = YES;
				CLANG_WARN_OBJC_ROOT_CLASS = YES_ERROR;
				CLANG_WARN_QUOTED_INCLUDE_IN_FRAMEWORK_HEADER = YES;
				CLANG_WARN_RANGE_LOOP_ANALYSIS = YES;
				CLANG_WARN_STRICT_PROTOTYPES = YES;
				CLANG_WARN_SUSPICIOUS_MOVE = YES;
				CLANG_WARN_UNGUARDED_AVAILABILITY = YES_AGGRESSIVE;
				CLANG_WARN_UNREACHABLE_CODE = YES;
				CLANG_WARN__DUPLICATE_METHOD_MATCH = YES;
				COPY_PHASE_STRIP = NO;
				DEBUG_INFORMATION_FORMAT = "dwarf-with-dsym";
				ENABLE_NS_ASSERTIONS = NO;
				ENABLE_STRICT_OBJC_MSGSEND = YES;
				GCC_C_LANGUAGE_STANDARD = gnu11;
				GCC_NO_COMMON_BLOCKS = YES;
				GCC_WARN_64_TO_32_BIT_CONVERSION = YES;
				GCC_WARN_ABOUT_RETURN_TYPE = YES_ERROR;
				GCC_WARN_UNDECLARED_SELECTOR = YES;
				GCC_WARN_UNINITIALIZED_AUTOS = YES_AGGRESSIVE;
				GCC_WARN_UNUSED_FUNCTION = YES;
				GCC_WARN_UNUSED_VARIABLE = YES;
				IPHONEOS_DEPLOYMENT_TARGET = 14.1;
				MTL_ENABLE_DEBUG_INFO = NO;
				MTL_FAST_MATH = YES;
				SDKROOT = iphoneos;
				SWIFT_COMPILATION_MODE = wholemodule;
				SWIFT_OPTIMIZATION_LEVEL = "-O";
				VALIDATE_PRODUCT = YES;
			};
			name = Release;
		};
		FBD123B926BCCE060085DABD /* Debug */ = {
			isa = XCBuildConfiguration;
			buildSettings = {
				ASSETCATALOG_COMPILER_APPICON_NAME = AppIcon;
				ASSETCATALOG_COMPILER_GLOBAL_ACCENT_COLOR_NAME = AccentColor;
				CODE_SIGN_STYLE = Automatic;
				INFOPLIST_FILE = Table/Info.plist;
				LD_RUNPATH_SEARCH_PATHS = (
					"$(inherited)",
					"@executable_path/Frameworks",
				);
				PRODUCT_BUNDLE_IDENTIFIER = com.minjae.Table;
				PRODUCT_NAME = "$(TARGET_NAME)";
				SWIFT_VERSION = 5.0;
				TARGETED_DEVICE_FAMILY = "1,2";
			};
			name = Debug;
		};
		FBD123BA26BCCE060085DABD /* Release */ = {
			isa = XCBuildConfiguration;
			buildSettings = {
				ASSETCATALOG_COMPILER_APPICON_NAME = AppIcon;
				ASSETCATALOG_COMPILER_GLOBAL_ACCENT_COLOR_NAME = AccentColor;
				CODE_SIGN_STYLE = Automatic;
				INFOPLIST_FILE = Table/Info.plist;
				LD_RUNPATH_SEARCH_PATHS = (
					"$(inherited)",
					"@executable_path/Frameworks",
				);
				PRODUCT_BUNDLE_IDENTIFIER = com.minjae.Table;
				PRODUCT_NAME = "$(TARGET_NAME)";
				SWIFT_VERSION = 5.0;
				TARGETED_DEVICE_FAMILY = "1,2";
			};
			name = Release;
		};
/* End XCBuildConfiguration section */

/* Begin XCConfigurationList section */
		FBD1239F26BCCE050085DABD /* Build configuration list for PBXProject "Table" */ = {
			isa = XCConfigurationList;
			buildConfigurations = (
				FBD123B626BCCE060085DABD /* Debug */,
				FBD123B726BCCE060085DABD /* Release */,
			);
			defaultConfigurationIsVisible = 0;
			defaultConfigurationName = Release;
		};
		FBD123B826BCCE060085DABD /* Build configuration list for PBXNativeTarget "Table" */ = {
			isa = XCConfigurationList;
			buildConfigurations = (
				FBD123B926BCCE060085DABD /* Debug */,
				FBD123BA26BCCE060085DABD /* Release */,
			);
			defaultConfigurationIsVisible = 0;
			defaultConfigurationName = Release;
		};
/* End XCConfigurationList section */
	};
	rootObject = FBD1239C26BCCE050085DABD /* Project object */;
}
