// !$*UTF8*$!
{
	archiveVersion = 1;
	classes = {
	};
	objectVersion = 50;
	objects = {

/* Begin PBXBuildFile section */
		FB74685626BB84FF0005C373 /* AppDelegate.swift in Sources */ = {isa = PBXBuildFile; fileRef = FB74685526BB84FF0005C373 /* AppDelegate.swift */; };
		FB74685826BB84FF0005C373 /* SceneDelegate.swift in Sources */ = {isa = PBXBuildFile; fileRef = FB74685726BB84FF0005C373 /* SceneDelegate.swift */; };
		FB74685A26BB84FF0005C373 /* ViewController.swift in Sources */ = {isa = PBXBuildFile; fileRef = FB74685926BB84FF0005C373 /* ViewController.swift */; };
		FB74685D26BB84FF0005C373 /* Main.storyboard in Resources */ = {isa = PBXBuildFile; fileRef = FB74685B26BB84FF0005C373 /* Main.storyboard */; };
		FB74685F26BB85000005C373 /* Assets.xcassets in Resources */ = {isa = PBXBuildFile; fileRef = FB74685E26BB85000005C373 /* Assets.xcassets */; };
		FB74686226BB85000005C373 /* LaunchScreen.storyboard in Resources */ = {isa = PBXBuildFile; fileRef = FB74686026BB85000005C373 /* LaunchScreen.storyboard */; };
		FB74687126BB89530005C373 /* 03.png in Resources */ = {isa = PBXBuildFile; fileRef = FB74686B26BB89520005C373 /* 03.png */; };
		FB74687226BB89530005C373 /* 04.png in Resources */ = {isa = PBXBuildFile; fileRef = FB74686C26BB89530005C373 /* 04.png */; };
		FB74687326BB89530005C373 /* 02.png in Resources */ = {isa = PBXBuildFile; fileRef = FB74686D26BB89530005C373 /* 02.png */; };
		FB74687426BB89530005C373 /* 05.png in Resources */ = {isa = PBXBuildFile; fileRef = FB74686E26BB89530005C373 /* 05.png */; };
		FB74687526BB89530005C373 /* 06.png in Resources */ = {isa = PBXBuildFile; fileRef = FB74686F26BB89530005C373 /* 06.png */; };
		FB74687626BB89530005C373 /* 01.png in Resources */ = {isa = PBXBuildFile; fileRef = FB74687026BB89530005C373 /* 01.png */; };
/* End PBXBuildFile section */

/* Begin PBXFileReference section */
		FB74685226BB84FF0005C373 /* PageControl.app */ = {isa = PBXFileReference; explicitFileType = wrapper.application; includeInIndex = 0; path = PageControl.app; sourceTree = BUILT_PRODUCTS_DIR; };
		FB74685526BB84FF0005C373 /* AppDelegate.swift */ = {isa = PBXFileReference; lastKnownFileType = sourcecode.swift; path = AppDelegate.swift; sourceTree = "<group>"; };
		FB74685726BB84FF0005C373 /* SceneDelegate.swift */ = {isa = PBXFileReference; lastKnownFileType = sourcecode.swift; path = SceneDelegate.swift; sourceTree = "<group>"; };
		FB74685926BB84FF0005C373 /* ViewController.swift */ = {isa = PBXFileReference; lastKnownFileType = sourcecode.swift; path = ViewController.swift; sourceTree = "<group>"; };
		FB74685C26BB84FF0005C373 /* Base */ = {isa = PBXFileReference; lastKnownFileType = file.storyboard; name = Base; path = Base.lproj/Main.storyboard; sourceTree = "<group>"; };
		FB74685E26BB85000005C373 /* Assets.xcassets */ = {isa = PBXFileReference; lastKnownFileType = folder.assetcatalog; path = Assets.xcassets; sourceTree = "<group>"; };
		FB74686126BB85000005C373 /* Base */ = {isa = PBXFileReference; lastKnownFileType = file.storyboard; name = Base; path = Base.lproj/LaunchScreen.storyboard; sourceTree = "<group>"; };
		FB74686326BB85000005C373 /* Info.plist */ = {isa = PBXFileReference; lastKnownFileType = text.plist.xml; path = Info.plist; sourceTree = "<group>"; };
		FB74686B26BB89520005C373 /* 03.png */ = {isa = PBXFileReference; lastKnownFileType = image.png; path = 03.png; sourceTree = "<group>"; };
		FB74686C26BB89530005C373 /* 04.png */ = {isa = PBXFileReference; lastKnownFileType = image.png; path = 04.png; sourceTree = "<group>"; };
		FB74686D26BB89530005C373 /* 02.png */ = {isa = PBXFileReference; lastKnownFileType = image.png; path = 02.png; sourceTree = "<group>"; };
		FB74686E26BB89530005C373 /* 05.png */ = {isa = PBXFileReference; lastKnownFileType = image.png; path = 05.png; sourceTree = "<group>"; };
		FB74686F26BB89530005C373 /* 06.png */ = {isa = PBXFileReference; lastKnownFileType = image.png; path = 06.png; sourceTree = "<group>"; };
		FB74687026BB89530005C373 /* 01.png */ = {isa = PBXFileReference; lastKnownFileType = image.png; path = 01.png; sourceTree = "<group>"; };
/* End PBXFileReference section */

/* Begin PBXFrameworksBuildPhase section */
		FB74684F26BB84FF0005C373 /* Frameworks */ = {
			isa = PBXFrameworksBuildPhase;
			buildActionMask = 2147483647;
			files = (
			);
			runOnlyForDeploymentPostprocessing = 0;
		};
/* End PBXFrameworksBuildPhase section */

/* Begin PBXGroup section */
		FB74684926BB84FF0005C373 = {
			isa = PBXGroup;
			children = (
				FB74685426BB84FF0005C373 /* PageControl */,
				FB74685326BB84FF0005C373 /* Products */,
			);
			sourceTree = "<group>";
		};
		FB74685326BB84FF0005C373 /* Products */ = {
			isa = PBXGroup;
			children = (
				FB74685226BB84FF0005C373 /* PageControl.app */,
			);
			name = Products;
			sourceTree = "<group>";
		};
		FB74685426BB84FF0005C373 /* PageControl */ = {
			isa = PBXGroup;
			children = (
				FB74686A26BB89430005C373 /* images */,
				FB74685526BB84FF0005C373 /* AppDelegate.swift */,
				FB74685726BB84FF0005C373 /* SceneDelegate.swift */,
				FB74685926BB84FF0005C373 /* ViewController.swift */,
				FB74685B26BB84FF0005C373 /* Main.storyboard */,
				FB74685E26BB85000005C373 /* Assets.xcassets */,
				FB74686026BB85000005C373 /* LaunchScreen.storyboard */,
				FB74686326BB85000005C373 /* Info.plist */,
			);
			path = PageControl;
			sourceTree = "<group>";
		};
		FB74686A26BB89430005C373 /* images */ = {
			isa = PBXGroup;
			children = (
				FB74687026BB89530005C373 /* 01.png */,
				FB74686D26BB89530005C373 /* 02.png */,
				FB74686B26BB89520005C373 /* 03.png */,
				FB74686C26BB89530005C373 /* 04.png */,
				FB74686E26BB89530005C373 /* 05.png */,
				FB74686F26BB89530005C373 /* 06.png */,
			);
			path = images;
			sourceTree = "<group>";
		};
/* End PBXGroup section */

/* Begin PBXNativeTarget section */
		FB74685126BB84FF0005C373 /* PageControl */ = {
			isa = PBXNativeTarget;
			buildConfigurationList = FB74686626BB85000005C373 /* Build configuration list for PBXNativeTarget "PageControl" */;
			buildPhases = (
				FB74684E26BB84FF0005C373 /* Sources */,
				FB74684F26BB84FF0005C373 /* Frameworks */,
				FB74685026BB84FF0005C373 /* Resources */,
			);
			buildRules = (
			);
			dependencies = (
			);
			name = PageControl;
			productName = PageControl;
			productReference = FB74685226BB84FF0005C373 /* PageControl.app */;
			productType = "com.apple.product-type.application";
		};
/* End PBXNativeTarget section */

/* Begin PBXProject section */
		FB74684A26BB84FF0005C373 /* Project object */ = {
			isa = PBXProject;
			attributes = {
				LastSwiftUpdateCheck = 1210;
				LastUpgradeCheck = 1210;
				TargetAttributes = {
					FB74685126BB84FF0005C373 = {
						CreatedOnToolsVersion = 12.1;
					};
				};
			};
			buildConfigurationList = FB74684D26BB84FF0005C373 /* Build configuration list for PBXProject "PageControl" */;
			compatibilityVersion = "Xcode 9.3";
			developmentRegion = en;
			hasScannedForEncodings = 0;
			knownRegions = (
				en,
				Base,
			);
			mainGroup = FB74684926BB84FF0005C373;
			productRefGroup = FB74685326BB84FF0005C373 /* Products */;
			projectDirPath = "";
			projectRoot = "";
			targets = (
				FB74685126BB84FF0005C373 /* PageControl */,
			);
		};
/* End PBXProject section */

/* Begin PBXResourcesBuildPhase section */
		FB74685026BB84FF0005C373 /* Resources */ = {
			isa = PBXResourcesBuildPhase;
			buildActionMask = 2147483647;
			files = (
				FB74687626BB89530005C373 /* 01.png in Resources */,
				FB74687226BB89530005C373 /* 04.png in Resources */,
				FB74687426BB89530005C373 /* 05.png in Resources */,
				FB74687126BB89530005C373 /* 03.png in Resources */,
				FB74686226BB85000005C373 /* LaunchScreen.storyboard in Resources */,
				FB74685F26BB85000005C373 /* Assets.xcassets in Resources */,
				FB74685D26BB84FF0005C373 /* Main.storyboard in Resources */,
				FB74687326BB89530005C373 /* 02.png in Resources */,
				FB74687526BB89530005C373 /* 06.png in Resources */,
			);
			runOnlyForDeploymentPostprocessing = 0;
		};
/* End PBXResourcesBuildPhase section */

/* Begin PBXSourcesBuildPhase section */
		FB74684E26BB84FF0005C373 /* Sources */ = {
			isa = PBXSourcesBuildPhase;
			buildActionMask = 2147483647;
			files = (
				FB74685A26BB84FF0005C373 /* ViewController.swift in Sources */,
				FB74685626BB84FF0005C373 /* AppDelegate.swift in Sources */,
				FB74685826BB84FF0005C373 /* SceneDelegate.swift in Sources */,
			);
			runOnlyForDeploymentPostprocessing = 0;
		};
/* End PBXSourcesBuildPhase section */

/* Begin PBXVariantGroup section */
		FB74685B26BB84FF0005C373 /* Main.storyboard */ = {
			isa = PBXVariantGroup;
			children = (
				FB74685C26BB84FF0005C373 /* Base */,
			);
			name = Main.storyboard;
			sourceTree = "<group>";
		};
		FB74686026BB85000005C373 /* LaunchScreen.storyboard */ = {
			isa = PBXVariantGroup;
			children = (
				FB74686126BB85000005C373 /* Base */,
			);
			name = LaunchScreen.storyboard;
			sourceTree = "<group>";
		};
/* End PBXVariantGroup section */

/* Begin XCBuildConfiguration section */
		FB74686426BB85000005C373 /* Debug */ = {
			isa = XCBuildConfiguration;
			buildSettings = {
				ALWAYS_SEARCH_USER_PATHS = NO;
				CLANG_ANALYZER_NONNULL = YES;
				CLANG_ANALYZER_NUMBER_OBJECT_CONVERSION = YES_AGGRESSIVE;
				CLANG_CXX_LANGUAGE_STANDARD = "gnu++14";
				CLANG_CXX_LIBRARY = "libc++";
				CLANG_ENABLE_MODULES = YES;
				CLANG_ENABLE_OBJC_ARC = YES;
				CLANG_ENABLE_OBJC_WEAK = YES;
				CLANG_WARN_BLOCK_CAPTURE_AUTORELEASING = YES;
				CLANG_WARN_BOOL_CONVERSION = YES;
				CLANG_WARN_COMMA = YES;
				CLANG_WARN_CONSTANT_CONVERSION = YES;
				CLANG_WARN_DEPRECATED_OBJC_IMPLEMENTATIONS = YES;
				CLANG_WARN_DIRECT_OBJC_ISA_USAGE = YES_ERROR;
				CLANG_WARN_DOCUMENTATION_COMMENTS = YES;
				CLANG_WARN_EMPTY_BODY = YES;
				CLANG_WARN_ENUM_CONVERSION = YES;
				CLANG_WARN_INFINITE_RECURSION = YES;
				CLANG_WARN_INT_CONVERSION = YES;
				CLANG_WARN_NON_LITERAL_NULL_CONVERSION = YES;
				CLANG_WARN_OBJC_IMPLICIT_RETAIN_SELF = YES;
				CLANG_WARN_OBJC_LITERAL_CONVERSION = YES;
				CLANG_WARN_OBJC_ROOT_CLASS = YES_ERROR;
				CLANG_WARN_QUOTED_INCLUDE_IN_FRAMEWORK_HEADER = YES;
				CLANG_WARN_RANGE_LOOP_ANALYSIS = YES;
				CLANG_WARN_STRICT_PROTOTYPES = YES;
				CLANG_WARN_SUSPICIOUS_MOVE = YES;
				CLANG_WARN_UNGUARDED_AVAILABILITY = YES_AGGRESSIVE;
				CLANG_WARN_UNREACHABLE_CODE = YES;
				CLANG_WARN__DUPLICATE_METHOD_MATCH = YES;
				COPY_PHASE_STRIP = NO;
				DEBUG_INFORMATION_FORMAT = dwarf;
				ENABLE_STRICT_OBJC_MSGSEND = YES;
				ENABLE_TESTABILITY = YES;
				GCC_C_LANGUAGE_STANDARD = gnu11;
				GCC_DYNAMIC_NO_PIC = NO;
				GCC_NO_COMMON_BLOCKS = YES;
				GCC_OPTIMIZATION_LEVEL = 0;
				GCC_PREPROCESSOR_DEFINITIONS = (
					"DEBUG=1",
					"$(inherited)",
				);
				GCC_WARN_64_TO_32_BIT_CONVERSION = YES;
				GCC_WARN_ABOUT_RETURN_TYPE = YES_ERROR;
				GCC_WARN_UNDECLARED_SELECTOR = YES;
				GCC_WARN_UNINITIALIZED_AUTOS = YES_AGGRESSIVE;
				GCC_WARN_UNUSED_FUNCTION = YES;
				GCC_WARN_UNUSED_VARIABLE = YES;
				IPHONEOS_DEPLOYMENT_TARGET = 14.1;
				MTL_ENABLE_DEBUG_INFO = INCLUDE_SOURCE;
				MTL_FAST_MATH = YES;
				ONLY_ACTIVE_ARCH = YES;
				SDKROOT = iphoneos;
				SWIFT_ACTIVE_COMPILATION_CONDITIONS = DEBUG;
				SWIFT_OPTIMIZATION_LEVEL = "-Onone";
			};
			name = Debug;
		};
		FB74686526BB85000005C373 /* Release */ = {
			isa = XCBuildConfiguration;
			buildSettings = {
				ALWAYS_SEARCH_USER_PATHS = NO;
				CLANG_ANALYZER_NONNULL = YES;
				CLANG_ANALYZER_NUMBER_OBJECT_CONVERSION = YES_AGGRESSIVE;
				CLANG_CXX_LANGUAGE_STANDARD = "gnu++14";
				CLANG_CXX_LIBRARY = "libc++";
				CLANG_ENABLE_MODULES = YES;
				CLANG_ENABLE_OBJC_ARC = YES;
				CLANG_ENABLE_OBJC_WEAK = YES;
				CLANG_WARN_BLOCK_CAPTURE_AUTORELEASING = YES;
				CLANG_WARN_BOOL_CONVERSION = YES;
				CLANG_WARN_COMMA = YES;
				CLANG_WARN_CONSTANT_CONVERSION = YES;
				CLANG_WARN_DEPRECATED_OBJC_IMPLEMENTATIONS = YES;
				CLANG_WARN_DIRECT_OBJC_ISA_USAGE = YES_ERROR;
				CLANG_WARN_DOCUMENTATION_COMMENTS = YES;
				CLANG_WARN_EMPTY_BODY = YES;
				CLANG_WARN_ENUM_CONVERSION = YES;
				CLANG_WARN_INFINITE_RECURSION = YES;
				CLANG_WARN_INT_CONVERSION = YES;
				CLANG_WARN_NON_LITERAL_NULL_CONVERSION = YES;
				CLANG_WARN_OBJC_IMPLICIT_RETAIN_SELF = YES;
				CLANG_WARN_OBJC_LITERAL_CONVERSION = YES;
				CLANG_WARN_OBJC_ROOT_CLASS = YES_ERROR;
				CLANG_WARN_QUOTED_INCLUDE_IN_FRAMEWORK_HEADER = YES;
				CLANG_WARN_RANGE_LOOP_ANALYSIS = YES;
				CLANG_WARN_STRICT_PROTOTYPES = YES;
				CLANG_WARN_SUSPICIOUS_MOVE = YES;
				CLANG_WARN_UNGUARDED_AVAILABILITY = YES_AGGRESSIVE;
				CLANG_WARN_UNREACHABLE_CODE = YES;
				CLANG_WARN__DUPLICATE_METHOD_MATCH = YES;
				COPY_PHASE_STRIP = NO;
				DEBUG_INFORMATION_FORMAT = "dwarf-with-dsym";
				ENABLE_NS_ASSERTIONS = NO;
				ENABLE_STRICT_OBJC_MSGSEND = YES;
				GCC_C_LANGUAGE_STANDARD = gnu11;
				GCC_NO_COMMON_BLOCKS = YES;
				GCC_WARN_64_TO_32_BIT_CONVERSION = YES;
				GCC_WARN_ABOUT_RETURN_TYPE = YES_ERROR;
				GCC_WARN_UNDECLARED_SELECTOR = YES;
				GCC_WARN_UNINITIALIZED_AUTOS = YES_AGGRESSIVE;
				GCC_WARN_UNUSED_FUNCTION = YES;
				GCC_WARN_UNUSED_VARIABLE = YES;
				IPHONEOS_DEPLOYMENT_TARGET = 14.1;
				MTL_ENABLE_DEBUG_INFO = NO;
				MTL_FAST_MATH = YES;
				SDKROOT = iphoneos;
				SWIFT_COMPILATION_MODE = wholemodule;
				SWIFT_OPTIMIZATION_LEVEL = "-O";
				VALIDATE_PRODUCT = YES;
			};
			name = Release;
		};
		FB74686726BB85000005C373 /* Debug */ = {
			isa = XCBuildConfiguration;
			buildSettings = {
				ASSETCATALOG_COMPILER_APPICON_NAME = AppIcon;
				ASSETCATALOG_COMPILER_GLOBAL_ACCENT_COLOR_NAME = AccentColor;
				CODE_SIGN_STYLE = Automatic;
				INFOPLIST_FILE = PageControl/Info.plist;
				LD_RUNPATH_SEARCH_PATHS = (
					"$(inherited)",
					"@executable_path/Frameworks",
				);
				PRODUCT_BUNDLE_IDENTIFIER = com.minjae.PageControl;
				PRODUCT_NAME = "$(TARGET_NAME)";
				SWIFT_VERSION = 5.0;
				TARGETED_DEVICE_FAMILY = "1,2";
			};
			name = Debug;
		};
		FB74686826BB85000005C373 /* Release */ = {
			isa = XCBuildConfiguration;
			buildSettings = {
				ASSETCATALOG_COMPILER_APPICON_NAME = AppIcon;
				ASSETCATALOG_COMPILER_GLOBAL_ACCENT_COLOR_NAME = AccentColor;
				CODE_SIGN_STYLE = Automatic;
				INFOPLIST_FILE = PageControl/Info.plist;
				LD_RUNPATH_SEARCH_PATHS = (
					"$(inherited)",
					"@executable_path/Frameworks",
				);
				PRODUCT_BUNDLE_IDENTIFIER = com.minjae.PageControl;
				PRODUCT_NAME = "$(TARGET_NAME)";
				SWIFT_VERSION = 5.0;
				TARGETED_DEVICE_FAMILY = "1,2";
			};
			name = Release;
		};
/* End XCBuildConfiguration section */

/* Begin XCConfigurationList section */
		FB74684D26BB84FF0005C373 /* Build configuration list for PBXProject "PageControl" */ = {
			isa = XCConfigurationList;
			buildConfigurations = (
				FB74686426BB85000005C373 /* Debug */,
				FB74686526BB85000005C373 /* Release */,
			);
			defaultConfigurationIsVisible = 0;
			defaultConfigurationName = Release;
		};
		FB74686626BB85000005C373 /* Build configuration list for PBXNativeTarget "PageControl" */ = {
			isa = XCConfigurationList;
			buildConfigurations = (
				FB74686726BB85000005C373 /* Debug */,
				FB74686826BB85000005C373 /* Release */,
			);
			defaultConfigurationIsVisible = 0;
			defaultConfigurationName = Release;
		};
/* End XCConfigurationList section */
	};
	rootObject = FB74684A26BB84FF0005C373 /* Project object */;
}
